{
  "name": "sense-energy-flow",
  "version": "0.1.1",
  "lockfileVersion": 3,
  "requires": true,
  "packages": {
    "": {
      "name": "sense-energy-flow",
      "version": "0.1.1",
      "dependencies": {
        "piphi-network-widget-sdk": "0.6.1"
      }
    },
    "node_modules/piphi-network-widget-sdk": {
      "version": "0.6.1",
      "resolved": "https://registry.npmjs.org/piphi-network-widget-sdk/-/piphi-network-widget-sdk-0.6.1.tgz",
      "integrity": "sha512-6/HecjVFrp6Xm6MUgshcJ5V/35N4IDxnkul24i4bNtDnMvQofHgV3kxb/IXnKvh16Zoj6zt5tQEcEyitUOlu1Q==",
      "license": "MIT",
      "bin": {
        "piphi-widget": "bin/piphi-widget.mjs"
      },
      "engines": {
        "node": ">=22"
      }
    }
  }
}
